
Microsoft Visual Studio Solution File, Format Version 12.00
# Visual Studio Version 16
VisualStudioVersion = 25.0.1706.4
MinimumVisualStudioVersion = 10.0.40219.1
Project("{FAE04EC0-301F-11D3-BF4B-00C04F79EFBC}") = "MotionTechAPI", "MotionTechAPI\MotionTechAPI.csproj", "{63A0BF91-473A-47EE-BA52-BC6FCBDD4CAE}"
EndProject
Project("{E53339B2-1760-4266-BCC7-CA923CBCF16C}") = "docker-compose", "docker-compose.dcproj", "{4444BE2A-E54E-43B3-86C4-81C6FD7EE681}"
EndProject
Global
	GlobalSection(SolutionConfigurationPlatforms) = preSolution
		Debug|Any CPU = Debug|Any CPU
		Release|Any CPU = Release|Any CPU
	EndGlobalSection
	GlobalSection(ProjectConfigurationPlatforms) = postSolution
		{63A0BF91-473A-47EE-BA52-BC6FCBDD4CAE}.Debug|Any CPU.ActiveCfg = Debug|Any CPU
		{63A0BF91-473A-47EE-BA52-BC6FCBDD4CAE}.Debug|Any CPU.Build.0 = Debug|Any CPU
		{63A0BF91-473A-47EE-BA52-BC6FCBDD4CAE}.Release|Any CPU.ActiveCfg = Release|Any CPU
		{63A0BF91-473A-47EE-BA52-BC6FCBDD4CAE}.Release|Any CPU.Build.0 = Release|Any CPU
		{4444BE2A-E54E-43B3-86C4-81C6FD7EE681}.Debug|Any CPU.ActiveCfg = Debug|Any CPU
		{4444BE2A-E54E-43B3-86C4-81C6FD7EE681}.Debug|Any CPU.Build.0 = Debug|Any CPU
		{4444BE2A-E54E-43B3-86C4-81C6FD7EE681}.Release|Any CPU.ActiveCfg = Release|Any CPU
		{4444BE2A-E54E-43B3-86C4-81C6FD7EE681}.Release|Any CPU.Build.0 = Release|Any CPU
	EndGlobalSection
	GlobalSection(SolutionProperties) = preSolution
		HideSolutionNode = FALSE
	EndGlobalSection
	GlobalSection(ExtensibilityGlobals) = postSolution
		SolutionGuid = {BC622390-9408-4D06-A5DF-27EA6A6AAA2D}
	EndGlobalSection
EndGlobal
